
Microsoft Visual Studio Solution File, Format Version 12.00
Project("{FAE04EC0-301F-11D3-BF4B-00C04F79EFBC}") = "Book catalog", "Book catalog\Book catalog.csproj", "{A04A9848-35CA-436A-BDBC-22AB3A2DED3A}"
EndProject
Global
	GlobalSection(SolutionConfigurationPlatforms) = preSolution
		Debug|Any CPU = Debug|Any CPU
		Release|Any CPU = Release|Any CPU
	EndGlobalSection
	GlobalSection(ProjectConfigurationPlatforms) = postSolution
		{A04A9848-35CA-436A-BDBC-22AB3A2DED3A}.Debug|Any CPU.ActiveCfg = Debug|Any CPU
		{A04A9848-35CA-436A-BDBC-22AB3A2DED3A}.Debug|Any CPU.Build.0 = Debug|Any CPU
		{A04A9848-35CA-436A-BDBC-22AB3A2DED3A}.Release|Any CPU.ActiveCfg = Release|Any CPU
		{A04A9848-35CA-436A-BDBC-22AB3A2DED3A}.Release|Any CPU.Build.0 = Release|Any CPU
	EndGlobalSection
EndGlobal
